
Microsoft Visual Studio Solution File, Format Version 12.00
# Visual Studio Version 17
VisualStudioVersion = 17.11.35312.102
MinimumVisualStudioVersion = 10.0.40219.1
Project("{9A19103F-16F7-4668-BE54-9A1E7A4F7556}") = "Calc_Pos_Inf", "CalculadoraNotacion\Calc_Pos_Inf.csproj", "{FCB0EE47-5B51-4ED2-9D16-60BE72297B0F}"
EndProject
Global
	GlobalSection(SolutionConfigurationPlatforms) = preSolution
		Debug|Any CPU = Debug|Any CPU
		Release|Any CPU = Release|Any CPU
	EndGlobalSection
	GlobalSection(ProjectConfigurationPlatforms) = postSolution
		{FCB0EE47-5B51-4ED2-9D16-60BE72297B0F}.Debug|Any CPU.ActiveCfg = Debug|Any CPU
		{FCB0EE47-5B51-4ED2-9D16-60BE72297B0F}.Debug|Any CPU.Build.0 = Debug|Any CPU
		{FCB0EE47-5B51-4ED2-9D16-60BE72297B0F}.Release|Any CPU.ActiveCfg = Release|Any CPU
		{FCB0EE47-5B51-4ED2-9D16-60BE72297B0F}.Release|Any CPU.Build.0 = Release|Any CPU
	EndGlobalSection
	GlobalSection(SolutionProperties) = preSolution
		HideSolutionNode = FALSE
	EndGlobalSection
	GlobalSection(ExtensibilityGlobals) = postSolution
		SolutionGuid = {0550F2ED-41B4-45AF-B9C1-01D6099351F0}
	EndGlobalSection
EndGlobal
